
Microsoft Visual Studio Solution File, Format Version 12.00
# Visual Studio Version 16
VisualStudioVersion = 16.0.31515.178
MinimumVisualStudioVersion = 10.0.40219.1
Project("{9A19103F-16F7-4668-BE54-9A1E7A4F7556}") = "LayoutEngine", "LayoutEngine\LayoutEngine.csproj", "{9D978C98-C987-4CF2-8461-4C1B6D6069A6}"
EndProject
Project("{2150E333-8FDC-42A3-9474-1A3956D46DE8}") = "Solution Items", "Solution Items", "{ABE460FE-B231-4091-B84D-6F4F6A14B86B}"
	ProjectSection(SolutionItems) = preProject
		.gitignore = .gitignore
		.github\workflows\CI.yml = .github\workflows\CI.yml
		README.md = README.md
	EndProjectSection
EndProject
Project("{9A19103F-16F7-4668-BE54-9A1E7A4F7556}") = "LayoutEngine.Tests", "LayoutEngine.Tests\LayoutEngine.Tests.csproj", "{7890029A-39DC-42FC-9BAD-802AF05A0097}"
EndProject
Global
	GlobalSection(SolutionConfigurationPlatforms) = preSolution
		CI|Any CPU = CI|Any CPU
		Debug|Any CPU = Debug|Any CPU
		Release|Any CPU = Release|Any CPU
	EndGlobalSection
	GlobalSection(ProjectConfigurationPlatforms) = postSolution
		{9D978C98-C987-4CF2-8461-4C1B6D6069A6}.CI|Any CPU.ActiveCfg = CI|Any CPU
		{9D978C98-C987-4CF2-8461-4C1B6D6069A6}.CI|Any CPU.Build.0 = CI|Any CPU
		{9D978C98-C987-4CF2-8461-4C1B6D6069A6}.Debug|Any CPU.ActiveCfg = Debug|Any CPU
		{9D978C98-C987-4CF2-8461-4C1B6D6069A6}.Debug|Any CPU.Build.0 = Debug|Any CPU
		{9D978C98-C987-4CF2-8461-4C1B6D6069A6}.Release|Any CPU.ActiveCfg = Release|Any CPU
		{9D978C98-C987-4CF2-8461-4C1B6D6069A6}.Release|Any CPU.Build.0 = Release|Any CPU
		{7890029A-39DC-42FC-9BAD-802AF05A0097}.CI|Any CPU.ActiveCfg = CI|Any CPU
		{7890029A-39DC-42FC-9BAD-802AF05A0097}.CI|Any CPU.Build.0 = CI|Any CPU
		{7890029A-39DC-42FC-9BAD-802AF05A0097}.Debug|Any CPU.ActiveCfg = Debug|Any CPU
		{7890029A-39DC-42FC-9BAD-802AF05A0097}.Debug|Any CPU.Build.0 = Debug|Any CPU
		{7890029A-39DC-42FC-9BAD-802AF05A0097}.Release|Any CPU.ActiveCfg = Release|Any CPU
	EndGlobalSection
	GlobalSection(SolutionProperties) = preSolution
		HideSolutionNode = FALSE
	EndGlobalSection
	GlobalSection(ExtensibilityGlobals) = postSolution
		SolutionGuid = {F9C098B4-B4E5-46F5-9181-C89DCF6E6388}
	EndGlobalSection
EndGlobal
